
Microsoft Visual Studio Solution File, Format Version 12.00
# Visual Studio 15
VisualStudioVersion = 15.0.28307.1259
MinimumVisualStudioVersion = 10.0.40219.1
Project("{8BC9CEB8-8B4A-11D0-8D11-00A0C91BC942}") = "2.32", "2.32\2.32.vcxproj", "{AB89A7AD-7452-451F-B29A-1EA2137AF2AD}"
EndProject
Global
	GlobalSection(SolutionConfigurationPlatforms) = preSolution
		Debug|x64 = Debug|x64
		Debug|x86 = Debug|x86
		Release|x64 = Release|x64
		Release|x86 = Release|x86
	EndGlobalSection
	GlobalSection(ProjectConfigurationPlatforms) = postSolution
		{AB89A7AD-7452-451F-B29A-1EA2137AF2AD}.Debug|x64.ActiveCfg = Debug|x64
		{AB89A7AD-7452-451F-B29A-1EA2137AF2AD}.Debug|x64.Build.0 = Debug|x64
		{AB89A7AD-7452-451F-B29A-1EA2137AF2AD}.Debug|x86.ActiveCfg = Debug|Win32
		{AB89A7AD-7452-451F-B29A-1EA2137AF2AD}.Debug|x86.Build.0 = Debug|Win32
		{AB89A7AD-7452-451F-B29A-1EA2137AF2AD}.Release|x64.ActiveCfg = Release|x64
		{AB89A7AD-7452-451F-B29A-1EA2137AF2AD}.Release|x64.Build.0 = Release|x64
		{AB89A7AD-7452-451F-B29A-1EA2137AF2AD}.Release|x86.ActiveCfg = Release|Win32
		{AB89A7AD-7452-451F-B29A-1EA2137AF2AD}.Release|x86.Build.0 = Release|Win32
	EndGlobalSection
	GlobalSection(SolutionProperties) = preSolution
		HideSolutionNode = FALSE
	EndGlobalSection
	GlobalSection(ExtensibilityGlobals) = postSolution
		SolutionGuid = {8FA812FB-3B59-4414-8880-36BE43213A95}
	EndGlobalSection
EndGlobal
