
Microsoft Visual Studio Solution File, Format Version 12.00
# Visual Studio 15
VisualStudioVersion = 15.0.28307.1259
MinimumVisualStudioVersion = 10.0.40219.1
Project("{8BC9CEB8-8B4A-11D0-8D11-00A0C91BC942}") = "2.23", "2.23\2.23.vcxproj", "{DDD8C7F2-B50A-4734-9EE4-B5A2FA490D0E}"
EndProject
Global
	GlobalSection(SolutionConfigurationPlatforms) = preSolution
		Debug|x64 = Debug|x64
		Debug|x86 = Debug|x86
		Release|x64 = Release|x64
		Release|x86 = Release|x86
	EndGlobalSection
	GlobalSection(ProjectConfigurationPlatforms) = postSolution
		{DDD8C7F2-B50A-4734-9EE4-B5A2FA490D0E}.Debug|x64.ActiveCfg = Debug|x64
		{DDD8C7F2-B50A-4734-9EE4-B5A2FA490D0E}.Debug|x64.Build.0 = Debug|x64
		{DDD8C7F2-B50A-4734-9EE4-B5A2FA490D0E}.Debug|x86.ActiveCfg = Debug|Win32
		{DDD8C7F2-B50A-4734-9EE4-B5A2FA490D0E}.Debug|x86.Build.0 = Debug|Win32
		{DDD8C7F2-B50A-4734-9EE4-B5A2FA490D0E}.Release|x64.ActiveCfg = Release|x64
		{DDD8C7F2-B50A-4734-9EE4-B5A2FA490D0E}.Release|x64.Build.0 = Release|x64
		{DDD8C7F2-B50A-4734-9EE4-B5A2FA490D0E}.Release|x86.ActiveCfg = Release|Win32
		{DDD8C7F2-B50A-4734-9EE4-B5A2FA490D0E}.Release|x86.Build.0 = Release|Win32
	EndGlobalSection
	GlobalSection(SolutionProperties) = preSolution
		HideSolutionNode = FALSE
	EndGlobalSection
	GlobalSection(ExtensibilityGlobals) = postSolution
		SolutionGuid = {66594326-FB12-4D71-92E3-E5E256875CD8}
	EndGlobalSection
EndGlobal
